// !$*UTF8*$!
{
	archiveVersion = 1;
	classes = {
	};
	objectVersion = 50;
	objects = {

/* Begin PBXBuildFile section */
		C1195309224674CA00B79BB2 /* wrong.png in Resources */ = {isa = PBXBuildFile; fileRef = C1195308224674CA00B79BB2 /* wrong.png */; };
		C119530B22479E9E00B79BB2 /* GamePair.swift in Sources */ = {isa = PBXBuildFile; fileRef = C119530A22479E9E00B79BB2 /* GamePair.swift */; };
		C119530D2247A55700B79BB2 /* GameLevel.swift in Sources */ = {isa = PBXBuildFile; fileRef = C119530C2247A55700B79BB2 /* GameLevel.swift */; };
		C119530F2247A5CF00B79BB2 /* GameSettings.swift in Sources */ = {isa = PBXBuildFile; fileRef = C119530E2247A5CF00B79BB2 /* GameSettings.swift */; };
		C11953112247B57A00B79BB2 /* summary.png in Resources */ = {isa = PBXBuildFile; fileRef = C11953102247B57A00B79BB2 /* summary.png */; };
		C11953132247B58C00B79BB2 /* SummaryNode.swift in Sources */ = {isa = PBXBuildFile; fileRef = C11953122247B58C00B79BB2 /* SummaryNode.swift */; };
		C11953152247BB3100B79BB2 /* done.png in Resources */ = {isa = PBXBuildFile; fileRef = C11953142247BB3100B79BB2 /* done.png */; };
		C11953172247E4AF00B79BB2 /* cleanup.png in Resources */ = {isa = PBXBuildFile; fileRef = C11953162247E4AF00B79BB2 /* cleanup.png */; };
		C18277DC223FB72D00209369 /* BoxNode.swift in Sources */ = {isa = PBXBuildFile; fileRef = C18277DB223FB72D00209369 /* BoxNode.swift */; };
		C18277DE22401C3300209369 /* GameRandomizer.swift in Sources */ = {isa = PBXBuildFile; fileRef = C18277DD22401C3300209369 /* GameRandomizer.swift */; };
		C186CC33223D92E200EF9BC2 /* AppDelegate.swift in Sources */ = {isa = PBXBuildFile; fileRef = C186CC32223D92E200EF9BC2 /* AppDelegate.swift */; };
		C186CC35223D92E200EF9BC2 /* GameScene.sks in Resources */ = {isa = PBXBuildFile; fileRef = C186CC34223D92E200EF9BC2 /* GameScene.sks */; };
		C186CC37223D92E200EF9BC2 /* Actions.sks in Resources */ = {isa = PBXBuildFile; fileRef = C186CC36223D92E200EF9BC2 /* Actions.sks */; };
		C186CC39223D92E200EF9BC2 /* GameScene.swift in Sources */ = {isa = PBXBuildFile; fileRef = C186CC38223D92E200EF9BC2 /* GameScene.swift */; };
		C186CC3B223D92E200EF9BC2 /* GameViewController.swift in Sources */ = {isa = PBXBuildFile; fileRef = C186CC3A223D92E200EF9BC2 /* GameViewController.swift */; };
		C186CC3E223D92E200EF9BC2 /* Main.storyboard in Resources */ = {isa = PBXBuildFile; fileRef = C186CC3C223D92E200EF9BC2 /* Main.storyboard */; };
		C186CC40223D92E300EF9BC2 /* Assets.xcassets in Resources */ = {isa = PBXBuildFile; fileRef = C186CC3F223D92E300EF9BC2 /* Assets.xcassets */; };
		C186CC43223D92E300EF9BC2 /* LaunchScreen.storyboard in Resources */ = {isa = PBXBuildFile; fileRef = C186CC41223D92E300EF9BC2 /* LaunchScreen.storyboard */; };
		C186CC4B223D92F600EF9BC2 /* Board.swift in Sources */ = {isa = PBXBuildFile; fileRef = C186CC4A223D92F600EF9BC2 /* Board.swift */; };
		C186CC51223DA5B800EF9BC2 /* Game.swift in Sources */ = {isa = PBXBuildFile; fileRef = C186CC50223DA5B800EF9BC2 /* Game.swift */; };
		C186CC58223ECEA300EF9BC2 /* Location.swift in Sources */ = {isa = PBXBuildFile; fileRef = C186CC57223ECEA300EF9BC2 /* Location.swift */; };
		C186CC5A223ED12500EF9BC2 /* ArrayExtansion.swift in Sources */ = {isa = PBXBuildFile; fileRef = C186CC59223ED12500EF9BC2 /* ArrayExtansion.swift */; };
		C186CC5E223F06AD00EF9BC2 /* Box.swift in Sources */ = {isa = PBXBuildFile; fileRef = C186CC5D223F06AD00EF9BC2 /* Box.swift */; };
		C186CC60223F06C100EF9BC2 /* GamePhase.swift in Sources */ = {isa = PBXBuildFile; fileRef = C186CC5F223F06C100EF9BC2 /* GamePhase.swift */; };
		C186CC62223F9EA200EF9BC2 /* BoardNode.swift in Sources */ = {isa = PBXBuildFile; fileRef = C186CC61223F9EA200EF9BC2 /* BoardNode.swift */; };
		C1D9265122416C2F0006E4F3 /* MenuScene.swift in Sources */ = {isa = PBXBuildFile; fileRef = C1D9265022416C2F0006E4F3 /* MenuScene.swift */; };
		C1D9265322416CEA0006E4F3 /* ButtonNode.swift in Sources */ = {isa = PBXBuildFile; fileRef = C1D9265222416CEA0006E4F3 /* ButtonNode.swift */; };
		C1D9265522417DD70006E4F3 /* water.png in Resources */ = {isa = PBXBuildFile; fileRef = C1D9265422417DD70006E4F3 /* water.png */; };
		C1D9265722417ECF0006E4F3 /* SKSpriteNodeExtensions.swift in Sources */ = {isa = PBXBuildFile; fileRef = C1D9265622417ECF0006E4F3 /* SKSpriteNodeExtensions.swift */; };
		C1D9265B224180A10006E4F3 /* trap.png in Resources */ = {isa = PBXBuildFile; fileRef = C1D9265A224180A10006E4F3 /* trap.png */; };
		C1D9266B2242C8940006E4F3 /* LocalizedNode.swift in Sources */ = {isa = PBXBuildFile; fileRef = C1D9266A2242C8940006E4F3 /* LocalizedNode.swift */; };
		C1D926712242DA8E0006E4F3 /* Apple.png in Resources */ = {isa = PBXBuildFile; fileRef = C1D926702242DA8E0006E4F3 /* Apple.png */; };
		C1D926732242DAFC0006E4F3 /* garbage.png in Resources */ = {isa = PBXBuildFile; fileRef = C1D926722242DAFC0006E4F3 /* garbage.png */; };
		C1D926752242DDEF0006E4F3 /* plastic_bottle.png in Resources */ = {isa = PBXBuildFile; fileRef = C1D926742242DDEF0006E4F3 /* plastic_bottle.png */; };
		C1D9267B2242E53B0006E4F3 /* glass_bottle.png in Resources */ = {isa = PBXBuildFile; fileRef = C1D9267A2242E53B0006E4F3 /* glass_bottle.png */; };
		C1D9267D2242E97C0006E4F3 /* paper.png in Resources */ = {isa = PBXBuildFile; fileRef = C1D9267C2242E97B0006E4F3 /* paper.png */; };
		C1D9267F2242F8810006E4F3 /* grass.png in Resources */ = {isa = PBXBuildFile; fileRef = C1D9267E2242F8810006E4F3 /* grass.png */; };
		C1D926812242F8860006E4F3 /* dirt.png in Resources */ = {isa = PBXBuildFile; fileRef = C1D926802242F8860006E4F3 /* dirt.png */; };
		C1D926832242FA490006E4F3 /* trash.png in Resources */ = {isa = PBXBuildFile; fileRef = C1D926822242FA490006E4F3 /* trash.png */; };
/* End PBXBuildFile section */

/* Begin PBXFileReference section */
		C1195308224674CA00B79BB2 /* wrong.png */ = {isa = PBXFileReference; lastKnownFileType = image.png; path = wrong.png; sourceTree = "<group>"; };
		C119530A22479E9E00B79BB2 /* GamePair.swift */ = {isa = PBXFileReference; lastKnownFileType = sourcecode.swift; path = GamePair.swift; sourceTree = "<group>"; };
		C119530C2247A55700B79BB2 /* GameLevel.swift */ = {isa = PBXFileReference; lastKnownFileType = sourcecode.swift; path = GameLevel.swift; sourceTree = "<group>"; };
		C119530E2247A5CF00B79BB2 /* GameSettings.swift */ = {isa = PBXFileReference; lastKnownFileType = sourcecode.swift; path = GameSettings.swift; sourceTree = "<group>"; };
		C11953102247B57A00B79BB2 /* summary.png */ = {isa = PBXFileReference; lastKnownFileType = image.png; path = summary.png; sourceTree = "<group>"; };
		C11953122247B58C00B79BB2 /* SummaryNode.swift */ = {isa = PBXFileReference; lastKnownFileType = sourcecode.swift; path = SummaryNode.swift; sourceTree = "<group>"; };
		C11953142247BB3100B79BB2 /* done.png */ = {isa = PBXFileReference; lastKnownFileType = image.png; path = done.png; sourceTree = "<group>"; };
		C11953162247E4AF00B79BB2 /* cleanup.png */ = {isa = PBXFileReference; lastKnownFileType = image.png; path = cleanup.png; sourceTree = "<group>"; };
		C18277DB223FB72D00209369 /* BoxNode.swift */ = {isa = PBXFileReference; lastKnownFileType = sourcecode.swift; path = BoxNode.swift; sourceTree = "<group>"; };
		C18277DD22401C3300209369 /* GameRandomizer.swift */ = {isa = PBXFileReference; lastKnownFileType = sourcecode.swift; path = GameRandomizer.swift; sourceTree = "<group>"; };
		C186CC2F223D92E200EF9BC2 /* ZeroWaste.app */ = {isa = PBXFileReference; explicitFileType = wrapper.application; includeInIndex = 0; path = ZeroWaste.app; sourceTree = BUILT_PRODUCTS_DIR; };
		C186CC32223D92E200EF9BC2 /* AppDelegate.swift */ = {isa = PBXFileReference; lastKnownFileType = sourcecode.swift; path = AppDelegate.swift; sourceTree = "<group>"; };
		C186CC34223D92E200EF9BC2 /* GameScene.sks */ = {isa = PBXFileReference; lastKnownFileType = file.sks; path = GameScene.sks; sourceTree = "<group>"; };
		C186CC36223D92E200EF9BC2 /* Actions.sks */ = {isa = PBXFileReference; lastKnownFileType = file.sks; path = Actions.sks; sourceTree = "<group>"; };
		C186CC38223D92E200EF9BC2 /* GameScene.swift */ = {isa = PBXFileReference; lastKnownFileType = sourcecode.swift; path = GameScene.swift; sourceTree = "<group>"; };
		C186CC3A223D92E200EF9BC2 /* GameViewController.swift */ = {isa = PBXFileReference; lastKnownFileType = sourcecode.swift; path = GameViewController.swift; sourceTree = "<group>"; };
		C186CC3D223D92E200EF9BC2 /* Base */ = {isa = PBXFileReference; lastKnownFileType = file.storyboard; name = Base; path = Base.lproj/Main.storyboard; sourceTree = "<group>"; };
		C186CC3F223D92E300EF9BC2 /* Assets.xcassets */ = {isa = PBXFileReference; lastKnownFileType = folder.assetcatalog; path = Assets.xcassets; sourceTree = "<group>"; };
		C186CC42223D92E300EF9BC2 /* Base */ = {isa = PBXFileReference; lastKnownFileType = file.storyboard; name = Base; path = Base.lproj/LaunchScreen.storyboard; sourceTree = "<group>"; };
		C186CC44223D92E300EF9BC2 /* Info.plist */ = {isa = PBXFileReference; lastKnownFileType = text.plist.xml; path = Info.plist; sourceTree = "<group>"; };
		C186CC4A223D92F600EF9BC2 /* Board.swift */ = {isa = PBXFileReference; lastKnownFileType = sourcecode.swift; path = Board.swift; sourceTree = "<group>"; };
		C186CC50223DA5B800EF9BC2 /* Game.swift */ = {isa = PBXFileReference; lastKnownFileType = sourcecode.swift; path = Game.swift; sourceTree = "<group>"; };
		C186CC57223ECEA300EF9BC2 /* Location.swift */ = {isa = PBXFileReference; lastKnownFileType = sourcecode.swift; path = Location.swift; sourceTree = "<group>"; };
		C186CC59223ED12500EF9BC2 /* ArrayExtansion.swift */ = {isa = PBXFileReference; lastKnownFileType = sourcecode.swift; path = ArrayExtansion.swift; sourceTree = "<group>"; };
		C186CC5D223F06AD00EF9BC2 /* Box.swift */ = {isa = PBXFileReference; lastKnownFileType = sourcecode.swift; path = Box.swift; sourceTree = "<group>"; };
		C186CC5F223F06C100EF9BC2 /* GamePhase.swift */ = {isa = PBXFileReference; lastKnownFileType = sourcecode.swift; path = GamePhase.swift; sourceTree = "<group>"; };
		C186CC61223F9EA200EF9BC2 /* BoardNode.swift */ = {isa = PBXFileReference; lastKnownFileType = sourcecode.swift; path = BoardNode.swift; sourceTree = "<group>"; };
		C1D9265022416C2F0006E4F3 /* MenuScene.swift */ = {isa = PBXFileReference; lastKnownFileType = sourcecode.swift; path = MenuScene.swift; sourceTree = "<group>"; };
		C1D9265222416CEA0006E4F3 /* ButtonNode.swift */ = {isa = PBXFileReference; lastKnownFileType = sourcecode.swift; path = ButtonNode.swift; sourceTree = "<group>"; };
		C1D9265422417DD70006E4F3 /* water.png */ = {isa = PBXFileReference; lastKnownFileType = image.png; path = water.png; sourceTree = "<group>"; };
		C1D9265622417ECF0006E4F3 /* SKSpriteNodeExtensions.swift */ = {isa = PBXFileReference; lastKnownFileType = sourcecode.swift; path = SKSpriteNodeExtensions.swift; sourceTree = "<group>"; };
		C1D9265A224180A10006E4F3 /* trap.png */ = {isa = PBXFileReference; lastKnownFileType = image.png; name = trap.png; path = ../../../Downloads/trap.png; sourceTree = "<group>"; };
		C1D9266A2242C8940006E4F3 /* LocalizedNode.swift */ = {isa = PBXFileReference; lastKnownFileType = sourcecode.swift; path = LocalizedNode.swift; sourceTree = "<group>"; };
		C1D926702242DA8E0006E4F3 /* Apple.png */ = {isa = PBXFileReference; lastKnownFileType = image.png; path = Apple.png; sourceTree = "<group>"; };
		C1D926722242DAFC0006E4F3 /* garbage.png */ = {isa = PBXFileReference; lastKnownFileType = image.png; path = garbage.png; sourceTree = "<group>"; };
		C1D926742242DDEF0006E4F3 /* plastic_bottle.png */ = {isa = PBXFileReference; lastKnownFileType = image.png; path = plastic_bottle.png; sourceTree = "<group>"; };
		C1D9267A2242E53B0006E4F3 /* glass_bottle.png */ = {isa = PBXFileReference; lastKnownFileType = image.png; path = glass_bottle.png; sourceTree = "<group>"; };
		C1D9267C2242E97B0006E4F3 /* paper.png */ = {isa = PBXFileReference; lastKnownFileType = image.png; path = paper.png; sourceTree = "<group>"; };
		C1D9267E2242F8810006E4F3 /* grass.png */ = {isa = PBXFileReference; lastKnownFileType = image.png; path = grass.png; sourceTree = "<group>"; };
		C1D926802242F8860006E4F3 /* dirt.png */ = {isa = PBXFileReference; lastKnownFileType = image.png; path = dirt.png; sourceTree = "<group>"; };
		C1D926822242FA490006E4F3 /* trash.png */ = {isa = PBXFileReference; lastKnownFileType = image.png; path = trash.png; sourceTree = "<group>"; };
/* End PBXFileReference section */

/* Begin PBXFrameworksBuildPhase section */
		C186CC2C223D92E200EF9BC2 /* Frameworks */ = {
			isa = PBXFrameworksBuildPhase;
			buildActionMask = 2147483647;
			files = (
			);
			runOnlyForDeploymentPostprocessing = 0;
		};
/* End PBXFrameworksBuildPhase section */

/* Begin PBXGroup section */
		C186CC26223D92E200EF9BC2 = {
			isa = PBXGroup;
			children = (
				C186CC31223D92E200EF9BC2 /* ZeroWaste */,
				C186CC30223D92E200EF9BC2 /* Products */,
			);
			sourceTree = "<group>";
		};
		C186CC30223D92E200EF9BC2 /* Products */ = {
			isa = PBXGroup;
			children = (
				C186CC2F223D92E200EF9BC2 /* ZeroWaste.app */,
			);
			name = Products;
			sourceTree = "<group>";
		};
		C186CC31223D92E200EF9BC2 /* ZeroWaste */ = {
			isa = PBXGroup;
			children = (
				C186CC32223D92E200EF9BC2 /* AppDelegate.swift */,
				C186CC34223D92E200EF9BC2 /* GameScene.sks */,
				C186CC36223D92E200EF9BC2 /* Actions.sks */,
				C186CC38223D92E200EF9BC2 /* GameScene.swift */,
				C186CC3A223D92E200EF9BC2 /* GameViewController.swift */,
				C186CC3C223D92E200EF9BC2 /* Main.storyboard */,
				C186CC3F223D92E300EF9BC2 /* Assets.xcassets */,
				C186CC41223D92E300EF9BC2 /* LaunchScreen.storyboard */,
				C186CC44223D92E300EF9BC2 /* Info.plist */,
				C186CC4A223D92F600EF9BC2 /* Board.swift */,
				C1D926742242DDEF0006E4F3 /* plastic_bottle.png */,
				C1D9267A2242E53B0006E4F3 /* glass_bottle.png */,
				C1D9267E2242F8810006E4F3 /* grass.png */,
				C1D926802242F8860006E4F3 /* dirt.png */,
				C1D926822242FA490006E4F3 /* trash.png */,
				C11953142247BB3100B79BB2 /* done.png */,
				C1D9267C2242E97B0006E4F3 /* paper.png */,
				C1D926702242DA8E0006E4F3 /* Apple.png */,
				C1195308224674CA00B79BB2 /* wrong.png */,
				C11953102247B57A00B79BB2 /* summary.png */,
				C1D9265422417DD70006E4F3 /* water.png */,
				C11953162247E4AF00B79BB2 /* cleanup.png */,
				C1D9265A224180A10006E4F3 /* trap.png */,
				C1D926722242DAFC0006E4F3 /* garbage.png */,
				C186CC50223DA5B800EF9BC2 /* Game.swift */,
				C186CC57223ECEA300EF9BC2 /* Location.swift */,
				C186CC59223ED12500EF9BC2 /* ArrayExtansion.swift */,
				C186CC5D223F06AD00EF9BC2 /* Box.swift */,
				C186CC5F223F06C100EF9BC2 /* GamePhase.swift */,
				C186CC61223F9EA200EF9BC2 /* BoardNode.swift */,
				C18277DB223FB72D00209369 /* BoxNode.swift */,
				C18277DD22401C3300209369 /* GameRandomizer.swift */,
				C1D9265022416C2F0006E4F3 /* MenuScene.swift */,
				C1D9265222416CEA0006E4F3 /* ButtonNode.swift */,
				C1D9265622417ECF0006E4F3 /* SKSpriteNodeExtensions.swift */,
				C1D9266A2242C8940006E4F3 /* LocalizedNode.swift */,
				C119530A22479E9E00B79BB2 /* GamePair.swift */,
				C119530C2247A55700B79BB2 /* GameLevel.swift */,
				C119530E2247A5CF00B79BB2 /* GameSettings.swift */,
				C11953122247B58C00B79BB2 /* SummaryNode.swift */,
			);
			path = ZeroWaste;
			sourceTree = "<group>";
		};
/* End PBXGroup section */

/* Begin PBXNativeTarget section */
		C186CC2E223D92E200EF9BC2 /* ZeroWaste */ = {
			isa = PBXNativeTarget;
			buildConfigurationList = C186CC47223D92E300EF9BC2 /* Build configuration list for PBXNativeTarget "ZeroWaste" */;
			buildPhases = (
				C186CC2B223D92E200EF9BC2 /* Sources */,
				C186CC2C223D92E200EF9BC2 /* Frameworks */,
				C186CC2D223D92E200EF9BC2 /* Resources */,
			);
			buildRules = (
			);
			dependencies = (
			);
			name = ZeroWaste;
			productName = ZeroWaste;
			productReference = C186CC2F223D92E200EF9BC2 /* ZeroWaste.app */;
			productType = "com.apple.product-type.application";
		};
/* End PBXNativeTarget section */

/* Begin PBXProject section */
		C186CC27223D92E200EF9BC2 /* Project object */ = {
			isa = PBXProject;
			attributes = {
				LastSwiftUpdateCheck = 1010;
				LastUpgradeCheck = 1010;
				ORGANIZATIONNAME = "Marcin Włoczko";
				TargetAttributes = {
					C186CC2E223D92E200EF9BC2 = {
						CreatedOnToolsVersion = 10.1;
					};
				};
			};
			buildConfigurationList = C186CC2A223D92E200EF9BC2 /* Build configuration list for PBXProject "ZeroWaste" */;
			compatibilityVersion = "Xcode 9.3";
			developmentRegion = en;
			hasScannedForEncodings = 0;
			knownRegions = (
				en,
				Base,
			);
			mainGroup = C186CC26223D92E200EF9BC2;
			productRefGroup = C186CC30223D92E200EF9BC2 /* Products */;
			projectDirPath = "";
			projectRoot = "";
			targets = (
				C186CC2E223D92E200EF9BC2 /* ZeroWaste */,
			);
		};
/* End PBXProject section */

/* Begin PBXResourcesBuildPhase section */
		C186CC2D223D92E200EF9BC2 /* Resources */ = {
			isa = PBXResourcesBuildPhase;
			buildActionMask = 2147483647;
			files = (
				C1D9267F2242F8810006E4F3 /* grass.png in Resources */,
				C1D926712242DA8E0006E4F3 /* Apple.png in Resources */,
				C186CC3E223D92E200EF9BC2 /* Main.storyboard in Resources */,
				C1D926752242DDEF0006E4F3 /* plastic_bottle.png in Resources */,
				C11953112247B57A00B79BB2 /* summary.png in Resources */,
				C186CC35223D92E200EF9BC2 /* GameScene.sks in Resources */,
				C1D9265B224180A10006E4F3 /* trap.png in Resources */,
				C1D9267D2242E97C0006E4F3 /* paper.png in Resources */,
				C1D9267B2242E53B0006E4F3 /* glass_bottle.png in Resources */,
				C1D926832242FA490006E4F3 /* trash.png in Resources */,
				C1195309224674CA00B79BB2 /* wrong.png in Resources */,
				C11953152247BB3100B79BB2 /* done.png in Resources */,
				C1D926732242DAFC0006E4F3 /* garbage.png in Resources */,
				C11953172247E4AF00B79BB2 /* cleanup.png in Resources */,
				C186CC40223D92E300EF9BC2 /* Assets.xcassets in Resources */,
				C1D926812242F8860006E4F3 /* dirt.png in Resources */,
				C186CC43223D92E300EF9BC2 /* LaunchScreen.storyboard in Resources */,
				C1D9265522417DD70006E4F3 /* water.png in Resources */,
				C186CC37223D92E200EF9BC2 /* Actions.sks in Resources */,
			);
			runOnlyForDeploymentPostprocessing = 0;
		};
/* End PBXResourcesBuildPhase section */

/* Begin PBXSourcesBuildPhase section */
		C186CC2B223D92E200EF9BC2 /* Sources */ = {
			isa = PBXSourcesBuildPhase;
			buildActionMask = 2147483647;
			files = (
				C18277DE22401C3300209369 /* GameRandomizer.swift in Sources */,
				C119530F2247A5CF00B79BB2 /* GameSettings.swift in Sources */,
				C186CC39223D92E200EF9BC2 /* GameScene.swift in Sources */,
				C119530B22479E9E00B79BB2 /* GamePair.swift in Sources */,
				C11953132247B58C00B79BB2 /* SummaryNode.swift in Sources */,
				C186CC3B223D92E200EF9BC2 /* GameViewController.swift in Sources */,
				C186CC51223DA5B800EF9BC2 /* Game.swift in Sources */,
				C1D9265722417ECF0006E4F3 /* SKSpriteNodeExtensions.swift in Sources */,
				C186CC60223F06C100EF9BC2 /* GamePhase.swift in Sources */,
				C186CC4B223D92F600EF9BC2 /* Board.swift in Sources */,
				C1D9265122416C2F0006E4F3 /* MenuScene.swift in Sources */,
				C186CC58223ECEA300EF9BC2 /* Location.swift in Sources */,
				C186CC62223F9EA200EF9BC2 /* BoardNode.swift in Sources */,
				C186CC5A223ED12500EF9BC2 /* ArrayExtansion.swift in Sources */,
				C1D9266B2242C8940006E4F3 /* LocalizedNode.swift in Sources */,
				C18277DC223FB72D00209369 /* BoxNode.swift in Sources */,
				C186CC33223D92E200EF9BC2 /* AppDelegate.swift in Sources */,
				C186CC5E223F06AD00EF9BC2 /* Box.swift in Sources */,
				C119530D2247A55700B79BB2 /* GameLevel.swift in Sources */,
				C1D9265322416CEA0006E4F3 /* ButtonNode.swift in Sources */,
			);
			runOnlyForDeploymentPostprocessing = 0;
		};
/* End PBXSourcesBuildPhase section */

/* Begin PBXVariantGroup section */
		C186CC3C223D92E200EF9BC2 /* Main.storyboard */ = {
			isa = PBXVariantGroup;
			children = (
				C186CC3D223D92E200EF9BC2 /* Base */,
			);
			name = Main.storyboard;
			sourceTree = "<group>";
		};
		C186CC41223D92E300EF9BC2 /* LaunchScreen.storyboard */ = {
			isa = PBXVariantGroup;
			children = (
				C186CC42223D92E300EF9BC2 /* Base */,
			);
			name = LaunchScreen.storyboard;
			sourceTree = "<group>";
		};
/* End PBXVariantGroup section */

/* Begin XCBuildConfiguration section */
		C186CC45223D92E300EF9BC2 /* Debug */ = {
			isa = XCBuildConfiguration;
			buildSettings = {
				ALWAYS_SEARCH_USER_PATHS = NO;
				CLANG_ANALYZER_NONNULL = YES;
				CLANG_ANALYZER_NUMBER_OBJECT_CONVERSION = YES_AGGRESSIVE;
				CLANG_CXX_LANGUAGE_STANDARD = "gnu++14";
				CLANG_CXX_LIBRARY = "libc++";
				CLANG_ENABLE_MODULES = YES;
				CLANG_ENABLE_OBJC_ARC = YES;
				CLANG_ENABLE_OBJC_WEAK = YES;
				CLANG_WARN_BLOCK_CAPTURE_AUTORELEASING = YES;
				CLANG_WARN_BOOL_CONVERSION = YES;
				CLANG_WARN_COMMA = YES;
				CLANG_WARN_CONSTANT_CONVERSION = YES;
				CLANG_WARN_DEPRECATED_OBJC_IMPLEMENTATIONS = YES;
				CLANG_WARN_DIRECT_OBJC_ISA_USAGE = YES_ERROR;
				CLANG_WARN_DOCUMENTATION_COMMENTS = YES;
				CLANG_WARN_EMPTY_BODY = YES;
				CLANG_WARN_ENUM_CONVERSION = YES;
				CLANG_WARN_INFINITE_RECURSION = YES;
				CLANG_WARN_INT_CONVERSION = YES;
				CLANG_WARN_NON_LITERAL_NULL_CONVERSION = YES;
				CLANG_WARN_OBJC_IMPLICIT_RETAIN_SELF = YES;
				CLANG_WARN_OBJC_LITERAL_CONVERSION = YES;
				CLANG_WARN_OBJC_ROOT_CLASS = YES_ERROR;
				CLANG_WARN_RANGE_LOOP_ANALYSIS = YES;
				CLANG_WARN_STRICT_PROTOTYPES = YES;
				CLANG_WARN_SUSPICIOUS_MOVE = YES;
				CLANG_WARN_UNGUARDED_AVAILABILITY = YES_AGGRESSIVE;
				CLANG_WARN_UNREACHABLE_CODE = YES;
				CLANG_WARN__DUPLICATE_METHOD_MATCH = YES;
				CODE_SIGN_IDENTITY = "iPhone Developer";
				COPY_PHASE_STRIP = NO;
				DEBUG_INFORMATION_FORMAT = dwarf;
				ENABLE_STRICT_OBJC_MSGSEND = YES;
				ENABLE_TESTABILITY = YES;
				GCC_C_LANGUAGE_STANDARD = gnu11;
				GCC_DYNAMIC_NO_PIC = NO;
				GCC_NO_COMMON_BLOCKS = YES;
				GCC_OPTIMIZATION_LEVEL = 0;
				GCC_PREPROCESSOR_DEFINITIONS = (
					"DEBUG=1",
					"$(inherited)",
				);
				GCC_WARN_64_TO_32_BIT_CONVERSION = YES;
				GCC_WARN_ABOUT_RETURN_TYPE = YES_ERROR;
				GCC_WARN_UNDECLARED_SELECTOR = YES;
				GCC_WARN_UNINITIALIZED_AUTOS = YES_AGGRESSIVE;
				GCC_WARN_UNUSED_FUNCTION = YES;
				GCC_WARN_UNUSED_VARIABLE = YES;
				IPHONEOS_DEPLOYMENT_TARGET = 12.1;
				MTL_ENABLE_DEBUG_INFO = INCLUDE_SOURCE;
				MTL_FAST_MATH = YES;
				ONLY_ACTIVE_ARCH = YES;
				SDKROOT = iphoneos;
				SWIFT_ACTIVE_COMPILATION_CONDITIONS = DEBUG;
				SWIFT_OPTIMIZATION_LEVEL = "-Onone";
			};
			name = Debug;
		};
		C186CC46223D92E300EF9BC2 /* Release */ = {
			isa = XCBuildConfiguration;
			buildSettings = {
				ALWAYS_SEARCH_USER_PATHS = NO;
				CLANG_ANALYZER_NONNULL = YES;
				CLANG_ANALYZER_NUMBER_OBJECT_CONVERSION = YES_AGGRESSIVE;
				CLANG_CXX_LANGUAGE_STANDARD = "gnu++14";
				CLANG_CXX_LIBRARY = "libc++";
				CLANG_ENABLE_MODULES = YES;
				CLANG_ENABLE_OBJC_ARC = YES;
				CLANG_ENABLE_OBJC_WEAK = YES;
				CLANG_WARN_BLOCK_CAPTURE_AUTORELEASING = YES;
				CLANG_WARN_BOOL_CONVERSION = YES;
				CLANG_WARN_COMMA = YES;
				CLANG_WARN_CONSTANT_CONVERSION = YES;
				CLANG_WARN_DEPRECATED_OBJC_IMPLEMENTATIONS = YES;
				CLANG_WARN_DIRECT_OBJC_ISA_USAGE = YES_ERROR;
				CLANG_WARN_DOCUMENTATION_COMMENTS = YES;
				CLANG_WARN_EMPTY_BODY = YES;
				CLANG_WARN_ENUM_CONVERSION = YES;
				CLANG_WARN_INFINITE_RECURSION = YES;
				CLANG_WARN_INT_CONVERSION = YES;
				CLANG_WARN_NON_LITERAL_NULL_CONVERSION = YES;
				CLANG_WARN_OBJC_IMPLICIT_RETAIN_SELF = YES;
				CLANG_WARN_OBJC_LITERAL_CONVERSION = YES;
				CLANG_WARN_OBJC_ROOT_CLASS = YES_ERROR;
				CLANG_WARN_RANGE_LOOP_ANALYSIS = YES;
				CLANG_WARN_STRICT_PROTOTYPES = YES;
				CLANG_WARN_SUSPICIOUS_MOVE = YES;
				CLANG_WARN_UNGUARDED_AVAILABILITY = YES_AGGRESSIVE;
				CLANG_WARN_UNREACHABLE_CODE = YES;
				CLANG_WARN__DUPLICATE_METHOD_MATCH = YES;
				CODE_SIGN_IDENTITY = "iPhone Developer";
				COPY_PHASE_STRIP = NO;
				DEBUG_INFORMATION_FORMAT = "dwarf-with-dsym";
				ENABLE_NS_ASSERTIONS = NO;
				ENABLE_STRICT_OBJC_MSGSEND = YES;
				GCC_C_LANGUAGE_STANDARD = gnu11;
				GCC_NO_COMMON_BLOCKS = YES;
				GCC_WARN_64_TO_32_BIT_CONVERSION = YES;
				GCC_WARN_ABOUT_RETURN_TYPE = YES_ERROR;
				GCC_WARN_UNDECLARED_SELECTOR = YES;
				GCC_WARN_UNINITIALIZED_AUTOS = YES_AGGRESSIVE;
				GCC_WARN_UNUSED_FUNCTION = YES;
				GCC_WARN_UNUSED_VARIABLE = YES;
				IPHONEOS_DEPLOYMENT_TARGET = 12.1;
				MTL_ENABLE_DEBUG_INFO = NO;
				MTL_FAST_MATH = YES;
				SDKROOT = iphoneos;
				SWIFT_COMPILATION_MODE = wholemodule;
				SWIFT_OPTIMIZATION_LEVEL = "-O";
				VALIDATE_PRODUCT = YES;
			};
			name = Release;
		};
		C186CC48223D92E300EF9BC2 /* Debug */ = {
			isa = XCBuildConfiguration;
			buildSettings = {
				ASSETCATALOG_COMPILER_APPICON_NAME = AppIcon;
				CODE_SIGN_STYLE = Automatic;
				DEVELOPMENT_TEAM = YY346RZE89;
				INFOPLIST_FILE = ZeroWaste/Info.plist;
				LD_RUNPATH_SEARCH_PATHS = (
					"$(inherited)",
					"@executable_path/Frameworks",
				);
				PRODUCT_BUNDLE_IDENTIFIER = mwloczko.ZeroWaste;
				PRODUCT_NAME = "$(TARGET_NAME)";
				SWIFT_VERSION = 4.2;
				TARGETED_DEVICE_FAMILY = "1,2";
			};
			name = Debug;
		};
		C186CC49223D92E300EF9BC2 /* Release */ = {
			isa = XCBuildConfiguration;
			buildSettings = {
				ASSETCATALOG_COMPILER_APPICON_NAME = AppIcon;
				CODE_SIGN_STYLE = Automatic;
				DEVELOPMENT_TEAM = YY346RZE89;
				INFOPLIST_FILE = ZeroWaste/Info.plist;
				LD_RUNPATH_SEARCH_PATHS = (
					"$(inherited)",
					"@executable_path/Frameworks",
				);
				PRODUCT_BUNDLE_IDENTIFIER = mwloczko.ZeroWaste;
				PRODUCT_NAME = "$(TARGET_NAME)";
				SWIFT_VERSION = 4.2;
				TARGETED_DEVICE_FAMILY = "1,2";
			};
			name = Release;
		};
/* End XCBuildConfiguration section */

/* Begin XCConfigurationList section */
		C186CC2A223D92E200EF9BC2 /* Build configuration list for PBXProject "ZeroWaste" */ = {
			isa = XCConfigurationList;
			buildConfigurations = (
				C186CC45223D92E300EF9BC2 /* Debug */,
				C186CC46223D92E300EF9BC2 /* Release */,
			);
			defaultConfigurationIsVisible = 0;
			defaultConfigurationName = Release;
		};
		C186CC47223D92E300EF9BC2 /* Build configuration list for PBXNativeTarget "ZeroWaste" */ = {
			isa = XCConfigurationList;
			buildConfigurations = (
				C186CC48223D92E300EF9BC2 /* Debug */,
				C186CC49223D92E300EF9BC2 /* Release */,
			);
			defaultConfigurationIsVisible = 0;
			defaultConfigurationName = Release;
		};
/* End XCConfigurationList section */
	};
	rootObject = C186CC27223D92E200EF9BC2 /* Project object */;
}
